
Microsoft Visual Studio Solution File, Format Version 12.00
# Visual Studio Version 16
VisualStudioVersion = 16.0.30413.136
MinimumVisualStudioVersion = 10.0.40219.1
Project("{9A19103F-16F7-4668-BE54-9A1E7A4F7556}") = "IndeKlimaRestService", "IndeKlimaRestService\IndeKlimaRestService.csproj", "{0A3B5B64-7842-477E-B884-B8CCCA6D4A91}"
EndProject
Project("{9A19103F-16F7-4668-BE54-9A1E7A4F7556}") = "ModelLib", "ModelLib\ModelLib.csproj", "{F20563E1-26BF-4ACE-A6BB-D11C86F76372}"
EndProject
Global
	GlobalSection(SolutionConfigurationPlatforms) = preSolution
		Debug|Any CPU = Debug|Any CPU
		Release|Any CPU = Release|Any CPU
	EndGlobalSection
	GlobalSection(ProjectConfigurationPlatforms) = postSolution
		{0A3B5B64-7842-477E-B884-B8CCCA6D4A91}.Debug|Any CPU.ActiveCfg = Debug|Any CPU
		{0A3B5B64-7842-477E-B884-B8CCCA6D4A91}.Debug|Any CPU.Build.0 = Debug|Any CPU
		{0A3B5B64-7842-477E-B884-B8CCCA6D4A91}.Release|Any CPU.ActiveCfg = Release|Any CPU
		{0A3B5B64-7842-477E-B884-B8CCCA6D4A91}.Release|Any CPU.Build.0 = Release|Any CPU
		{F20563E1-26BF-4ACE-A6BB-D11C86F76372}.Debug|Any CPU.ActiveCfg = Debug|Any CPU
		{F20563E1-26BF-4ACE-A6BB-D11C86F76372}.Debug|Any CPU.Build.0 = Debug|Any CPU
		{F20563E1-26BF-4ACE-A6BB-D11C86F76372}.Release|Any CPU.ActiveCfg = Release|Any CPU
		{F20563E1-26BF-4ACE-A6BB-D11C86F76372}.Release|Any CPU.Build.0 = Release|Any CPU
	EndGlobalSection
	GlobalSection(SolutionProperties) = preSolution
		HideSolutionNode = FALSE
	EndGlobalSection
	GlobalSection(ExtensibilityGlobals) = postSolution
		SolutionGuid = {9FD385F0-12F4-428E-8EB4-E6D48EE658BB}
	EndGlobalSection
EndGlobal
